
Microsoft Visual Studio Solution File, Format Version 12.00
# Visual Studio 2013
VisualStudioVersion = 12.0.30501.0
MinimumVisualStudioVersion = 10.0.40219.1
Project("{FAE04EC0-301F-11D3-BF4B-00C04F79EFBC}") = "eDrive.LightBlueBean", "eDrive.LightBlueBean\eDrive.LightBlueBean.csproj", "{5BAE0692-DF55-4CC3-A633-6B46A62459AF}"
EndProject
Project("{FAE04EC0-301F-11D3-BF4B-00C04F79EFBC}") = "eDrive.LightBlueBean.Platform.iOS", "eDrive.LightBlueBean.Platform.iOS\eDrive.LightBlueBean.Platform.iOS.csproj", "{F7E15887-0BBE-4E04-BB30-B54799692991}"
EndProject
Project("{FAE04EC0-301F-11D3-BF4B-00C04F79EFBC}") = "eDrive.LightBlueBean.Platform.Android", "eDrive.LightBlueBean.Platform.Android\eDrive.LightBlueBean.Platform.Android.csproj", "{259EDCAF-1DAE-4533-B47A-FDE5EA792EE6}"
EndProject
Project("{FAE04EC0-301F-11D3-BF4B-00C04F79EFBC}") = "eDrive.LightBlueBean.Platform", "eDrive.LightBlueBean.Platform\eDrive.LightBlueBean.Platform.csproj", "{7600A2CC-84DD-43AA-B580-733C436A8133}"
EndProject
Project("{2150E333-8FDC-42A3-9474-1A3956D46DE8}") = ".nuget", ".nuget", "{D3ACEE10-0D5F-4E6D-8FE5-924CA47166C3}"
	ProjectSection(SolutionItems) = preProject
		.nuget\NuGet.Config = .nuget\NuGet.Config
		.nuget\NuGet.exe = .nuget\NuGet.exe
		.nuget\NuGet.targets = .nuget\NuGet.targets
	EndProjectSection
EndProject
Project("{D954291E-2A0B-460D-934E-DC6B0785DB48}") = "eDrive.LightBlueBean.Platform.Shared", "eDrive.LightBlueBean.Platform.Shared\eDrive.LightBlueBean.Platform.Shared.shproj", "{4F525B1D-5129-4DD5-9C7B-6BD43EBDBD55}"
EndProject
Global
	GlobalSection(SharedMSBuildProjectFiles) = preSolution
		eDrive.LightBlueBean.Platform.Shared\eDrive.LightBlueBean.Platform.Shared.projitems*{7600a2cc-84dd-43aa-b580-733c436a8133}*SharedItemsImports = 4
		eDrive.LightBlueBean.Platform.Shared\eDrive.LightBlueBean.Platform.Shared.projitems*{4f525b1d-5129-4dd5-9c7b-6bd43ebdbd55}*SharedItemsImports = 13
	EndGlobalSection
	GlobalSection(SolutionConfigurationPlatforms) = preSolution
		Debug|Any CPU = Debug|Any CPU
		Release|Any CPU = Release|Any CPU
	EndGlobalSection
	GlobalSection(ProjectConfigurationPlatforms) = postSolution
		{5BAE0692-DF55-4CC3-A633-6B46A62459AF}.Debug|Any CPU.ActiveCfg = Debug|Any CPU
		{5BAE0692-DF55-4CC3-A633-6B46A62459AF}.Debug|Any CPU.Build.0 = Debug|Any CPU
		{5BAE0692-DF55-4CC3-A633-6B46A62459AF}.Release|Any CPU.ActiveCfg = Release|Any CPU
		{5BAE0692-DF55-4CC3-A633-6B46A62459AF}.Release|Any CPU.Build.0 = Release|Any CPU
		{259EDCAF-1DAE-4533-B47A-FDE5EA792EE6}.Debug|Any CPU.ActiveCfg = Debug|Any CPU
		{259EDCAF-1DAE-4533-B47A-FDE5EA792EE6}.Debug|Any CPU.Build.0 = Debug|Any CPU
		{259EDCAF-1DAE-4533-B47A-FDE5EA792EE6}.Debug|Any CPU.Deploy.0 = Debug|Any CPU
		{259EDCAF-1DAE-4533-B47A-FDE5EA792EE6}.Release|Any CPU.ActiveCfg = Release|Any CPU
		{259EDCAF-1DAE-4533-B47A-FDE5EA792EE6}.Release|Any CPU.Build.0 = Release|Any CPU
		{259EDCAF-1DAE-4533-B47A-FDE5EA792EE6}.Release|Any CPU.Deploy.0 = Release|Any CPU
		{7600A2CC-84DD-43AA-B580-733C436A8133}.Debug|Any CPU.ActiveCfg = Debug|Any CPU
		{7600A2CC-84DD-43AA-B580-733C436A8133}.Debug|Any CPU.Build.0 = Debug|Any CPU
		{7600A2CC-84DD-43AA-B580-733C436A8133}.Release|Any CPU.ActiveCfg = Release|Any CPU
		{7600A2CC-84DD-43AA-B580-733C436A8133}.Release|Any CPU.Build.0 = Release|Any CPU
	EndGlobalSection
	GlobalSection(SolutionProperties) = preSolution
		HideSolutionNode = FALSE
	EndGlobalSection
	GlobalSection(MonoDevelopProperties) = preSolution
		StartupItem = eDrive.LightBlueBean\eDrive.LightBlueBean.csproj
	EndGlobalSection
EndGlobal
